{
  "name": "twitterautopost",
  "version": "1.0.0",
  "lockfileVersion": 3,
  "requires": true,
  "packages": {
    "": {
      "name": "twitterautopost",
      "version": "1.0.0",
      "license": "ISC",
      "dependencies": {
        "dotenv": "^16.4.5",
        "twitter-api-v2": "^1.17.1"
      }
    },
    "node_modules/dotenv": {
      "version": "16.4.5",
      "resolved": "https://registry.npmjs.org/dotenv/-/dotenv-16.4.5.tgz",
      "integrity": "sha512-ZmdL2rui+eB2YwhsWzjInR8LldtZHGDoQ1ugH85ppHKwpUHL7j7rN0Ti9NCnGiQbhaZ11FpR+7ao1dNsmduNUg==",
      "engines": {
        "node": ">=12"
      },
      "funding": {
        "url": "https://dotenvx.com"
      }
    },
    "node_modules/twitter-api-v2": {
      "version": "1.17.1",
      "resolved": "https://registry.npmjs.org/twitter-api-v2/-/twitter-api-v2-1.17.1.tgz",
      "integrity": "sha512-eLVetUOGiKalx/7NlF8+heMmtEXBhObP0mS9RFgcgjh5KTVq7SOWaIMIe1IrsAAV9DFCjd6O7fL+FMp6sibQYg=="
    }
  }
}
